github.com/BurntSushi/toml v0.3.1 h1:WXkYYl6Yr3qBf1K79EBnL4mak0OimBfB0XUf9Vl28OQ=
github.com/BurntSushi/toml v0.3.1/go.mod h1:xHWCNGjB5oqiDr8zfno3MHue2Ht5sIBksp03qcyfWMU=
github.com/flynn/json5 v0.0.0-20160717195620-7620272ed633 h1:xJMmr4GMYIbALX5edyoDIOQpc2bOQTeJiWMeCl9lX/8=
github.com/flynn/json5 v0.0.0-20160717195620-7620272ed633/go.mod h1:NJDK3/o7abx6PP54EOe0G0n0RLmhCo9xv61gUYpI0EY=
